// !$*UTF8*$!
{
	archiveVersion = 1;
	classes = {
	};
	objectVersion = 50;
	objects = {

/* Begin PBXBuildFile section */
		6070071D216F60030038DBAF /* AppDelegate.swift in Sources */ = {isa = PBXBuildFile; fileRef = 6070071C216F60030038DBAF /* AppDelegate.swift */; };
		6070071F216F60030038DBAF /* ViewController.swift in Sources */ = {isa = PBXBuildFile; fileRef = 6070071E216F60030038DBAF /* ViewController.swift */; };
		60700722216F60030038DBAF /* Main.storyboard in Resources */ = {isa = PBXBuildFile; fileRef = 60700720216F60030038DBAF /* Main.storyboard */; };
		60700724216F60040038DBAF /* Assets.xcassets in Resources */ = {isa = PBXBuildFile; fileRef = 60700723216F60040038DBAF /* Assets.xcassets */; };
		60700727216F60040038DBAF /* LaunchScreen.storyboard in Resources */ = {isa = PBXBuildFile; fileRef = 60700725216F60040038DBAF /* LaunchScreen.storyboard */; };
		60700736216F6A200038DBAF /* libsqlite3.tbd in Frameworks */ = {isa = PBXBuildFile; fileRef = 6070072F216F60410038DBAF /* libsqlite3.tbd */; settings = {ATTRIBUTES = (Required, ); }; };
		6070073B216F77A10038DBAF /* db.sqlite in Resources */ = {isa = PBXBuildFile; fileRef = 6070073A216F77A10038DBAF /* db.sqlite */; };
/* End PBXBuildFile section */

/* Begin PBXFileReference section */
		60700719216F60030038DBAF /* Chapter06-SQLite3.app */ = {isa = PBXFileReference; explicitFileType = wrapper.application; includeInIndex = 0; path = "Chapter06-SQLite3.app"; sourceTree = BUILT_PRODUCTS_DIR; };
		6070071C216F60030038DBAF /* AppDelegate.swift */ = {isa = PBXFileReference; lastKnownFileType = sourcecode.swift; path = AppDelegate.swift; sourceTree = "<group>"; };
		6070071E216F60030038DBAF /* ViewController.swift */ = {isa = PBXFileReference; lastKnownFileType = sourcecode.swift; path = ViewController.swift; sourceTree = "<group>"; };
		60700721216F60030038DBAF /* Base */ = {isa = PBXFileReference; lastKnownFileType = file.storyboard; name = Base; path = Base.lproj/Main.storyboard; sourceTree = "<group>"; };
		60700723216F60040038DBAF /* Assets.xcassets */ = {isa = PBXFileReference; lastKnownFileType = folder.assetcatalog; path = Assets.xcassets; sourceTree = "<group>"; };
		60700726216F60040038DBAF /* Base */ = {isa = PBXFileReference; lastKnownFileType = file.storyboard; name = Base; path = Base.lproj/LaunchScreen.storyboard; sourceTree = "<group>"; };
		60700728216F60040038DBAF /* Info.plist */ = {isa = PBXFileReference; lastKnownFileType = text.plist.xml; path = Info.plist; sourceTree = "<group>"; };
		6070072F216F60410038DBAF /* libsqlite3.tbd */ = {isa = PBXFileReference; lastKnownFileType = "sourcecode.text-based-dylib-definition"; name = libsqlite3.tbd; path = usr/lib/libsqlite3.tbd; sourceTree = SDKROOT; };
		60700732216F69BA0038DBAF /* libsqlite3.0.tbd */ = {isa = PBXFileReference; lastKnownFileType = "sourcecode.text-based-dylib-definition"; name = libsqlite3.0.tbd; path = usr/lib/libsqlite3.0.tbd; sourceTree = SDKROOT; };
		60700739216F6C200038DBAF /* Chapter06-SQLite3-Bridging-Header.h */ = {isa = PBXFileReference; lastKnownFileType = sourcecode.c.h; path = "Chapter06-SQLite3-Bridging-Header.h"; sourceTree = "<group>"; };
		6070073A216F77A10038DBAF /* db.sqlite */ = {isa = PBXFileReference; lastKnownFileType = file; path = db.sqlite; sourceTree = "<group>"; };
/* End PBXFileReference section */

/* Begin PBXFrameworksBuildPhase section */
		60700716216F60030038DBAF /* Frameworks */ = {
			isa = PBXFrameworksBuildPhase;
			buildActionMask = 2147483647;
			files = (
				60700736216F6A200038DBAF /* libsqlite3.tbd in Frameworks */,
			);
			runOnlyForDeploymentPostprocessing = 0;
		};
/* End PBXFrameworksBuildPhase section */

/* Begin PBXGroup section */
		60700710216F60030038DBAF = {
			isa = PBXGroup;
			children = (
				6070071B216F60030038DBAF /* Chapter06-SQLite3 */,
				6070071A216F60030038DBAF /* Products */,
				6070072E216F60410038DBAF /* Frameworks */,
			);
			sourceTree = "<group>";
		};
		6070071A216F60030038DBAF /* Products */ = {
			isa = PBXGroup;
			children = (
				60700719216F60030038DBAF /* Chapter06-SQLite3.app */,
			);
			name = Products;
			sourceTree = "<group>";
		};
		6070071B216F60030038DBAF /* Chapter06-SQLite3 */ = {
			isa = PBXGroup;
			children = (
				6070071C216F60030038DBAF /* AppDelegate.swift */,
				6070071E216F60030038DBAF /* ViewController.swift */,
				60700720216F60030038DBAF /* Main.storyboard */,
				60700723216F60040038DBAF /* Assets.xcassets */,
				60700725216F60040038DBAF /* LaunchScreen.storyboard */,
				60700728216F60040038DBAF /* Info.plist */,
				60700739216F6C200038DBAF /* Chapter06-SQLite3-Bridging-Header.h */,
				6070073A216F77A10038DBAF /* db.sqlite */,
			);
			path = "Chapter06-SQLite3";
			sourceTree = "<group>";
		};
		6070072E216F60410038DBAF /* Frameworks */ = {
			isa = PBXGroup;
			children = (
				60700732216F69BA0038DBAF /* libsqlite3.0.tbd */,
				6070072F216F60410038DBAF /* libsqlite3.tbd */,
			);
			name = Frameworks;
			sourceTree = "<group>";
		};
/* End PBXGroup section */

/* Begin PBXNativeTarget section */
		60700718216F60030038DBAF /* Chapter06-SQLite3 */ = {
			isa = PBXNativeTarget;
			buildConfigurationList = 6070072B216F60040038DBAF /* Build configuration list for PBXNativeTarget "Chapter06-SQLite3" */;
			buildPhases = (
				60700715216F60030038DBAF /* Sources */,
				60700716216F60030038DBAF /* Frameworks */,
				60700717216F60030038DBAF /* Resources */,
			);
			buildRules = (
			);
			dependencies = (
			);
			name = "Chapter06-SQLite3";
			productName = "Chapter06-SQLite3";
			productReference = 60700719216F60030038DBAF /* Chapter06-SQLite3.app */;
			productType = "com.apple.product-type.application";
		};
/* End PBXNativeTarget section */

/* Begin PBXProject section */
		60700711216F60030038DBAF /* Project object */ = {
			isa = PBXProject;
			attributes = {
				LastSwiftUpdateCheck = 1000;
				LastUpgradeCheck = 1000;
				ORGANIZATIONNAME = Byunsangjin;
				TargetAttributes = {
					60700718216F60030038DBAF = {
						CreatedOnToolsVersion = 10.0;
					};
				};
			};
			buildConfigurationList = 60700714216F60030038DBAF /* Build configuration list for PBXProject "Chapter06-SQLite3" */;
			compatibilityVersion = "Xcode 9.3";
			developmentRegion = en;
			hasScannedForEncodings = 0;
			knownRegions = (
				en,
				Base,
			);
			mainGroup = 60700710216F60030038DBAF;
			productRefGroup = 6070071A216F60030038DBAF /* Products */;
			projectDirPath = "";
			projectRoot = "";
			targets = (
				60700718216F60030038DBAF /* Chapter06-SQLite3 */,
			);
		};
/* End PBXProject section */

/* Begin PBXResourcesBuildPhase section */
		60700717216F60030038DBAF /* Resources */ = {
			isa = PBXResourcesBuildPhase;
			buildActionMask = 2147483647;
			files = (
				60700727216F60040038DBAF /* LaunchScreen.storyboard in Resources */,
				60700724216F60040038DBAF /* Assets.xcassets in Resources */,
				60700722216F60030038DBAF /* Main.storyboard in Resources */,
				6070073B216F77A10038DBAF /* db.sqlite in Resources */,
			);
			runOnlyForDeploymentPostprocessing = 0;
		};
/* End PBXResourcesBuildPhase section */

/* Begin PBXSourcesBuildPhase section */
		60700715216F60030038DBAF /* Sources */ = {
			isa = PBXSourcesBuildPhase;
			buildActionMask = 2147483647;
			files = (
				6070071F216F60030038DBAF /* ViewController.swift in Sources */,
				6070071D216F60030038DBAF /* AppDelegate.swift in Sources */,
			);
			runOnlyForDeploymentPostprocessing = 0;
		};
/* End PBXSourcesBuildPhase section */

/* Begin PBXVariantGroup section */
		60700720216F60030038DBAF /* Main.storyboard */ = {
			isa = PBXVariantGroup;
			children = (
				60700721216F60030038DBAF /* Base */,
			);
			name = Main.storyboard;
			sourceTree = "<group>";
		};
		60700725216F60040038DBAF /* LaunchScreen.storyboard */ = {
			isa = PBXVariantGroup;
			children = (
				60700726216F60040038DBAF /* Base */,
			);
			name = LaunchScreen.storyboard;
			sourceTree = "<group>";
		};
/* End PBXVariantGroup section */

/* Begin XCBuildConfiguration section */
		60700729216F60040038DBAF /* Debug */ = {
			isa = XCBuildConfiguration;
			buildSettings = {
				ALWAYS_SEARCH_USER_PATHS = NO;
				CLANG_ANALYZER_NONNULL = YES;
				CLANG_ANALYZER_NUMBER_OBJECT_CONVERSION = YES_AGGRESSIVE;
				CLANG_CXX_LANGUAGE_STANDARD = "gnu++14";
				CLANG_CXX_LIBRARY = "libc++";
				CLANG_ENABLE_MODULES = YES;
				CLANG_ENABLE_OBJC_ARC = YES;
				CLANG_ENABLE_OBJC_WEAK = YES;
				CLANG_WARN_BLOCK_CAPTURE_AUTORELEASING = YES;
				CLANG_WARN_BOOL_CONVERSION = YES;
				CLANG_WARN_COMMA = YES;
				CLANG_WARN_CONSTANT_CONVERSION = YES;
				CLANG_WARN_DEPRECATED_OBJC_IMPLEMENTATIONS = YES;
				CLANG_WARN_DIRECT_OBJC_ISA_USAGE = YES_ERROR;
				CLANG_WARN_DOCUMENTATION_COMMENTS = YES;
				CLANG_WARN_EMPTY_BODY = YES;
				CLANG_WARN_ENUM_CONVERSION = YES;
				CLANG_WARN_INFINITE_RECURSION = YES;
				CLANG_WARN_INT_CONVERSION = YES;
				CLANG_WARN_NON_LITERAL_NULL_CONVERSION = YES;
				CLANG_WARN_OBJC_IMPLICIT_RETAIN_SELF = YES;
				CLANG_WARN_OBJC_LITERAL_CONVERSION = YES;
				CLANG_WARN_OBJC_ROOT_CLASS = YES_ERROR;
				CLANG_WARN_RANGE_LOOP_ANALYSIS = YES;
				CLANG_WARN_STRICT_PROTOTYPES = YES;
				CLANG_WARN_SUSPICIOUS_MOVE = YES;
				CLANG_WARN_UNGUARDED_AVAILABILITY = YES_AGGRESSIVE;
				CLANG_WARN_UNREACHABLE_CODE = YES;
				CLANG_WARN__DUPLICATE_METHOD_MATCH = YES;
				CODE_SIGN_IDENTITY = "iPhone Developer";
				COPY_PHASE_STRIP = NO;
				DEBUG_INFORMATION_FORMAT = dwarf;
				ENABLE_STRICT_OBJC_MSGSEND = YES;
				ENABLE_TESTABILITY = YES;
				GCC_C_LANGUAGE_STANDARD = gnu11;
				GCC_DYNAMIC_NO_PIC = NO;
				GCC_NO_COMMON_BLOCKS = YES;
				GCC_OPTIMIZATION_LEVEL = 0;
				GCC_PREPROCESSOR_DEFINITIONS = (
					"DEBUG=1",
					"$(inherited)",
				);
				GCC_WARN_64_TO_32_BIT_CONVERSION = YES;
				GCC_WARN_ABOUT_RETURN_TYPE = YES_ERROR;
				GCC_WARN_UNDECLARED_SELECTOR = YES;
				GCC_WARN_UNINITIALIZED_AUTOS = YES_AGGRESSIVE;
				GCC_WARN_UNUSED_FUNCTION = YES;
				GCC_WARN_UNUSED_VARIABLE = YES;
				IPHONEOS_DEPLOYMENT_TARGET = 12.0;
				MTL_ENABLE_DEBUG_INFO = INCLUDE_SOURCE;
				MTL_FAST_MATH = YES;
				ONLY_ACTIVE_ARCH = YES;
				SDKROOT = iphoneos;
				SWIFT_ACTIVE_COMPILATION_CONDITIONS = DEBUG;
				SWIFT_OPTIMIZATION_LEVEL = "-Onone";
			};
			name = Debug;
		};
		6070072A216F60040038DBAF /* Release */ = {
			isa = XCBuildConfiguration;
			buildSettings = {
				ALWAYS_SEARCH_USER_PATHS = NO;
				CLANG_ANALYZER_NONNULL = YES;
				CLANG_ANALYZER_NUMBER_OBJECT_CONVERSION = YES_AGGRESSIVE;
				CLANG_CXX_LANGUAGE_STANDARD = "gnu++14";
				CLANG_CXX_LIBRARY = "libc++";
				CLANG_ENABLE_MODULES = YES;
				CLANG_ENABLE_OBJC_ARC = YES;
				CLANG_ENABLE_OBJC_WEAK = YES;
				CLANG_WARN_BLOCK_CAPTURE_AUTORELEASING = YES;
				CLANG_WARN_BOOL_CONVERSION = YES;
				CLANG_WARN_COMMA = YES;
				CLANG_WARN_CONSTANT_CONVERSION = YES;
				CLANG_WARN_DEPRECATED_OBJC_IMPLEMENTATIONS = YES;
				CLANG_WARN_DIRECT_OBJC_ISA_USAGE = YES_ERROR;
				CLANG_WARN_DOCUMENTATION_COMMENTS = YES;
				CLANG_WARN_EMPTY_BODY = YES;
				CLANG_WARN_ENUM_CONVERSION = YES;
				CLANG_WARN_INFINITE_RECURSION = YES;
				CLANG_WARN_INT_CONVERSION = YES;
				CLANG_WARN_NON_LITERAL_NULL_CONVERSION = YES;
				CLANG_WARN_OBJC_IMPLICIT_RETAIN_SELF = YES;
				CLANG_WARN_OBJC_LITERAL_CONVERSION = YES;
				CLANG_WARN_OBJC_ROOT_CLASS = YES_ERROR;
				CLANG_WARN_RANGE_LOOP_ANALYSIS = YES;
				CLANG_WARN_STRICT_PROTOTYPES = YES;
				CLANG_WARN_SUSPICIOUS_MOVE = YES;
				CLANG_WARN_UNGUARDED_AVAILABILITY = YES_AGGRESSIVE;
				CLANG_WARN_UNREACHABLE_CODE = YES;
				CLANG_WARN__DUPLICATE_METHOD_MATCH = YES;
				CODE_SIGN_IDENTITY = "iPhone Developer";
				COPY_PHASE_STRIP = NO;
				DEBUG_INFORMATION_FORMAT = "dwarf-with-dsym";
				ENABLE_NS_ASSERTIONS = NO;
				ENABLE_STRICT_OBJC_MSGSEND = YES;
				GCC_C_LANGUAGE_STANDARD = gnu11;
				GCC_NO_COMMON_BLOCKS = YES;
				GCC_WARN_64_TO_32_BIT_CONVERSION = YES;
				GCC_WARN_ABOUT_RETURN_TYPE = YES_ERROR;
				GCC_WARN_UNDECLARED_SELECTOR = YES;
				GCC_WARN_UNINITIALIZED_AUTOS = YES_AGGRESSIVE;
				GCC_WARN_UNUSED_FUNCTION = YES;
				GCC_WARN_UNUSED_VARIABLE = YES;
				IPHONEOS_DEPLOYMENT_TARGET = 12.0;
				MTL_ENABLE_DEBUG_INFO = NO;
				MTL_FAST_MATH = YES;
				SDKROOT = iphoneos;
				SWIFT_COMPILATION_MODE = wholemodule;
				SWIFT_OPTIMIZATION_LEVEL = "-O";
				VALIDATE_PRODUCT = YES;
			};
			name = Release;
		};
		6070072C216F60040038DBAF /* Debug */ = {
			isa = XCBuildConfiguration;
			buildSettings = {
				ASSETCATALOG_COMPILER_APPICON_NAME = AppIcon;
				CODE_SIGN_STYLE = Automatic;
				INFOPLIST_FILE = "Chapter06-SQLite3/Info.plist";
				LD_RUNPATH_SEARCH_PATHS = (
					"$(inherited)",
					"@executable_path/Frameworks",
				);
				PRODUCT_BUNDLE_IDENTIFIER = "sjbyun.Chapter06-SQLite3";
				PRODUCT_NAME = "$(TARGET_NAME)";
				SWIFT_OBJC_BRIDGING_HEADER = "Chapter06-SQLite3/Chapter06-SQLite3-Bridging-Header.h";
				SWIFT_VERSION = 4.2;
				TARGETED_DEVICE_FAMILY = 1;
			};
			name = Debug;
		};
		6070072D216F60040038DBAF /* Release */ = {
			isa = XCBuildConfiguration;
			buildSettings = {
				ASSETCATALOG_COMPILER_APPICON_NAME = AppIcon;
				CODE_SIGN_STYLE = Automatic;
				INFOPLIST_FILE = "Chapter06-SQLite3/Info.plist";
				LD_RUNPATH_SEARCH_PATHS = (
					"$(inherited)",
					"@executable_path/Frameworks",
				);
				PRODUCT_BUNDLE_IDENTIFIER = "sjbyun.Chapter06-SQLite3";
				PRODUCT_NAME = "$(TARGET_NAME)";
				SWIFT_OBJC_BRIDGING_HEADER = "Chapter06-SQLite3/Chapter06-SQLite3-Bridging-Header.h";
				SWIFT_VERSION = 4.2;
				TARGETED_DEVICE_FAMILY = 1;
			};
			name = Release;
		};
/* End XCBuildConfiguration section */

/* Begin XCConfigurationList section */
		60700714216F60030038DBAF /* Build configuration list for PBXProject "Chapter06-SQLite3" */ = {
			isa = XCConfigurationList;
			buildConfigurations = (
				60700729216F60040038DBAF /* Debug */,
				6070072A216F60040038DBAF /* Release */,
			);
			defaultConfigurationIsVisible = 0;
			defaultConfigurationName = Release;
		};
		6070072B216F60040038DBAF /* Build configuration list for PBXNativeTarget "Chapter06-SQLite3" */ = {
			isa = XCConfigurationList;
			buildConfigurations = (
				6070072C216F60040038DBAF /* Debug */,
				6070072D216F60040038DBAF /* Release */,
			);
			defaultConfigurationIsVisible = 0;
			defaultConfigurationName = Release;
		};
/* End XCConfigurationList section */
	};
	rootObject = 60700711216F60030038DBAF /* Project object */;
}
