// !$*UTF8*$!
{
	archiveVersion = 1;
	classes = {
	};
	objectVersion = 50;
	objects = {

/* Begin PBXBuildFile section */
		602C0E63215A558100D372F1 /* AppDelegate.swift in Sources */ = {isa = PBXBuildFile; fileRef = 602C0E62215A558100D372F1 /* AppDelegate.swift */; };
		602C0E65215A558100D372F1 /* ViewController.swift in Sources */ = {isa = PBXBuildFile; fileRef = 602C0E64215A558100D372F1 /* ViewController.swift */; };
		602C0E68215A558100D372F1 /* Main.storyboard in Resources */ = {isa = PBXBuildFile; fileRef = 602C0E66215A558100D372F1 /* Main.storyboard */; };
		602C0E6A215A558200D372F1 /* Assets.xcassets in Resources */ = {isa = PBXBuildFile; fileRef = 602C0E69215A558200D372F1 /* Assets.xcassets */; };
		602C0E6D215A558200D372F1 /* LaunchScreen.storyboard in Resources */ = {isa = PBXBuildFile; fileRef = 602C0E6B215A558200D372F1 /* LaunchScreen.storyboard */; };
		602C0E77215A55FE00D372F1 /* CSStepper.swift in Sources */ = {isa = PBXBuildFile; fileRef = 602C0E76215A55FE00D372F1 /* CSStepper.swift */; };
/* End PBXBuildFile section */

/* Begin PBXFileReference section */
		602C0E5F215A558100D372F1 /* Chapter03-CSStepper.app */ = {isa = PBXFileReference; explicitFileType = wrapper.application; includeInIndex = 0; path = "Chapter03-CSStepper.app"; sourceTree = BUILT_PRODUCTS_DIR; };
		602C0E62215A558100D372F1 /* AppDelegate.swift */ = {isa = PBXFileReference; lastKnownFileType = sourcecode.swift; path = AppDelegate.swift; sourceTree = "<group>"; };
		602C0E64215A558100D372F1 /* ViewController.swift */ = {isa = PBXFileReference; lastKnownFileType = sourcecode.swift; path = ViewController.swift; sourceTree = "<group>"; };
		602C0E67215A558100D372F1 /* Base */ = {isa = PBXFileReference; lastKnownFileType = file.storyboard; name = Base; path = Base.lproj/Main.storyboard; sourceTree = "<group>"; };
		602C0E69215A558200D372F1 /* Assets.xcassets */ = {isa = PBXFileReference; lastKnownFileType = folder.assetcatalog; path = Assets.xcassets; sourceTree = "<group>"; };
		602C0E6C215A558200D372F1 /* Base */ = {isa = PBXFileReference; lastKnownFileType = file.storyboard; name = Base; path = Base.lproj/LaunchScreen.storyboard; sourceTree = "<group>"; };
		602C0E6E215A558200D372F1 /* Info.plist */ = {isa = PBXFileReference; lastKnownFileType = text.plist.xml; path = Info.plist; sourceTree = "<group>"; };
		602C0E76215A55FE00D372F1 /* CSStepper.swift */ = {isa = PBXFileReference; lastKnownFileType = sourcecode.swift; path = CSStepper.swift; sourceTree = "<group>"; };
/* End PBXFileReference section */

/* Begin PBXFrameworksBuildPhase section */
		602C0E5C215A558100D372F1 /* Frameworks */ = {
			isa = PBXFrameworksBuildPhase;
			buildActionMask = 2147483647;
			files = (
			);
			runOnlyForDeploymentPostprocessing = 0;
		};
/* End PBXFrameworksBuildPhase section */

/* Begin PBXGroup section */
		602C0E56215A558100D372F1 = {
			isa = PBXGroup;
			children = (
				602C0E61215A558100D372F1 /* Chapter03-CSStepper */,
				602C0E60215A558100D372F1 /* Products */,
			);
			sourceTree = "<group>";
		};
		602C0E60215A558100D372F1 /* Products */ = {
			isa = PBXGroup;
			children = (
				602C0E5F215A558100D372F1 /* Chapter03-CSStepper.app */,
			);
			name = Products;
			sourceTree = "<group>";
		};
		602C0E61215A558100D372F1 /* Chapter03-CSStepper */ = {
			isa = PBXGroup;
			children = (
				602C0E62215A558100D372F1 /* AppDelegate.swift */,
				602C0E64215A558100D372F1 /* ViewController.swift */,
				602C0E66215A558100D372F1 /* Main.storyboard */,
				602C0E69215A558200D372F1 /* Assets.xcassets */,
				602C0E6B215A558200D372F1 /* LaunchScreen.storyboard */,
				602C0E6E215A558200D372F1 /* Info.plist */,
				602C0E76215A55FE00D372F1 /* CSStepper.swift */,
			);
			path = "Chapter03-CSStepper";
			sourceTree = "<group>";
		};
/* End PBXGroup section */

/* Begin PBXNativeTarget section */
		602C0E5E215A558100D372F1 /* Chapter03-CSStepper */ = {
			isa = PBXNativeTarget;
			buildConfigurationList = 602C0E71215A558200D372F1 /* Build configuration list for PBXNativeTarget "Chapter03-CSStepper" */;
			buildPhases = (
				602C0E5B215A558100D372F1 /* Sources */,
				602C0E5C215A558100D372F1 /* Frameworks */,
				602C0E5D215A558100D372F1 /* Resources */,
			);
			buildRules = (
			);
			dependencies = (
			);
			name = "Chapter03-CSStepper";
			productName = "Chapter03-CSStepper";
			productReference = 602C0E5F215A558100D372F1 /* Chapter03-CSStepper.app */;
			productType = "com.apple.product-type.application";
		};
/* End PBXNativeTarget section */

/* Begin PBXProject section */
		602C0E57215A558100D372F1 /* Project object */ = {
			isa = PBXProject;
			attributes = {
				LastSwiftUpdateCheck = 0940;
				LastUpgradeCheck = 0940;
				ORGANIZATIONNAME = Byunsangjin;
				TargetAttributes = {
					602C0E5E215A558100D372F1 = {
						CreatedOnToolsVersion = 9.4.1;
					};
				};
			};
			buildConfigurationList = 602C0E5A215A558100D372F1 /* Build configuration list for PBXProject "Chapter03-CSStepper" */;
			compatibilityVersion = "Xcode 9.3";
			developmentRegion = en;
			hasScannedForEncodings = 0;
			knownRegions = (
				en,
				Base,
			);
			mainGroup = 602C0E56215A558100D372F1;
			productRefGroup = 602C0E60215A558100D372F1 /* Products */;
			projectDirPath = "";
			projectRoot = "";
			targets = (
				602C0E5E215A558100D372F1 /* Chapter03-CSStepper */,
			);
		};
/* End PBXProject section */

/* Begin PBXResourcesBuildPhase section */
		602C0E5D215A558100D372F1 /* Resources */ = {
			isa = PBXResourcesBuildPhase;
			buildActionMask = 2147483647;
			files = (
				602C0E6D215A558200D372F1 /* LaunchScreen.storyboard in Resources */,
				602C0E6A215A558200D372F1 /* Assets.xcassets in Resources */,
				602C0E68215A558100D372F1 /* Main.storyboard in Resources */,
			);
			runOnlyForDeploymentPostprocessing = 0;
		};
/* End PBXResourcesBuildPhase section */

/* Begin PBXSourcesBuildPhase section */
		602C0E5B215A558100D372F1 /* Sources */ = {
			isa = PBXSourcesBuildPhase;
			buildActionMask = 2147483647;
			files = (
				602C0E77215A55FE00D372F1 /* CSStepper.swift in Sources */,
				602C0E65215A558100D372F1 /* ViewController.swift in Sources */,
				602C0E63215A558100D372F1 /* AppDelegate.swift in Sources */,
			);
			runOnlyForDeploymentPostprocessing = 0;
		};
/* End PBXSourcesBuildPhase section */

/* Begin PBXVariantGroup section */
		602C0E66215A558100D372F1 /* Main.storyboard */ = {
			isa = PBXVariantGroup;
			children = (
				602C0E67215A558100D372F1 /* Base */,
			);
			name = Main.storyboard;
			sourceTree = "<group>";
		};
		602C0E6B215A558200D372F1 /* LaunchScreen.storyboard */ = {
			isa = PBXVariantGroup;
			children = (
				602C0E6C215A558200D372F1 /* Base */,
			);
			name = LaunchScreen.storyboard;
			sourceTree = "<group>";
		};
/* End PBXVariantGroup section */

/* Begin XCBuildConfiguration section */
		602C0E6F215A558200D372F1 /* Debug */ = {
			isa = XCBuildConfiguration;
			buildSettings = {
				ALWAYS_SEARCH_USER_PATHS = NO;
				CLANG_ANALYZER_NONNULL = YES;
				CLANG_ANALYZER_NUMBER_OBJECT_CONVERSION = YES_AGGRESSIVE;
				CLANG_CXX_LANGUAGE_STANDARD = "gnu++14";
				CLANG_CXX_LIBRARY = "libc++";
				CLANG_ENABLE_MODULES = YES;
				CLANG_ENABLE_OBJC_ARC = YES;
				CLANG_ENABLE_OBJC_WEAK = YES;
				CLANG_WARN_BLOCK_CAPTURE_AUTORELEASING = YES;
				CLANG_WARN_BOOL_CONVERSION = YES;
				CLANG_WARN_COMMA = YES;
				CLANG_WARN_CONSTANT_CONVERSION = YES;
				CLANG_WARN_DEPRECATED_OBJC_IMPLEMENTATIONS = YES;
				CLANG_WARN_DIRECT_OBJC_ISA_USAGE = YES_ERROR;
				CLANG_WARN_DOCUMENTATION_COMMENTS = YES;
				CLANG_WARN_EMPTY_BODY = YES;
				CLANG_WARN_ENUM_CONVERSION = YES;
				CLANG_WARN_INFINITE_RECURSION = YES;
				CLANG_WARN_INT_CONVERSION = YES;
				CLANG_WARN_NON_LITERAL_NULL_CONVERSION = YES;
				CLANG_WARN_OBJC_IMPLICIT_RETAIN_SELF = YES;
				CLANG_WARN_OBJC_LITERAL_CONVERSION = YES;
				CLANG_WARN_OBJC_ROOT_CLASS = YES_ERROR;
				CLANG_WARN_RANGE_LOOP_ANALYSIS = YES;
				CLANG_WARN_STRICT_PROTOTYPES = YES;
				CLANG_WARN_SUSPICIOUS_MOVE = YES;
				CLANG_WARN_UNGUARDED_AVAILABILITY = YES_AGGRESSIVE;
				CLANG_WARN_UNREACHABLE_CODE = YES;
				CLANG_WARN__DUPLICATE_METHOD_MATCH = YES;
				CODE_SIGN_IDENTITY = "iPhone Developer";
				COPY_PHASE_STRIP = NO;
				DEBUG_INFORMATION_FORMAT = dwarf;
				ENABLE_STRICT_OBJC_MSGSEND = YES;
				ENABLE_TESTABILITY = YES;
				GCC_C_LANGUAGE_STANDARD = gnu11;
				GCC_DYNAMIC_NO_PIC = NO;
				GCC_NO_COMMON_BLOCKS = YES;
				GCC_OPTIMIZATION_LEVEL = 0;
				GCC_PREPROCESSOR_DEFINITIONS = (
					"DEBUG=1",
					"$(inherited)",
				);
				GCC_WARN_64_TO_32_BIT_CONVERSION = YES;
				GCC_WARN_ABOUT_RETURN_TYPE = YES_ERROR;
				GCC_WARN_UNDECLARED_SELECTOR = YES;
				GCC_WARN_UNINITIALIZED_AUTOS = YES_AGGRESSIVE;
				GCC_WARN_UNUSED_FUNCTION = YES;
				GCC_WARN_UNUSED_VARIABLE = YES;
				IPHONEOS_DEPLOYMENT_TARGET = 11.4;
				MTL_ENABLE_DEBUG_INFO = YES;
				ONLY_ACTIVE_ARCH = YES;
				SDKROOT = iphoneos;
				SWIFT_ACTIVE_COMPILATION_CONDITIONS = DEBUG;
				SWIFT_OPTIMIZATION_LEVEL = "-Onone";
			};
			name = Debug;
		};
		602C0E70215A558200D372F1 /* Release */ = {
			isa = XCBuildConfiguration;
			buildSettings = {
				ALWAYS_SEARCH_USER_PATHS = NO;
				CLANG_ANALYZER_NONNULL = YES;
				CLANG_ANALYZER_NUMBER_OBJECT_CONVERSION = YES_AGGRESSIVE;
				CLANG_CXX_LANGUAGE_STANDARD = "gnu++14";
				CLANG_CXX_LIBRARY = "libc++";
				CLANG_ENABLE_MODULES = YES;
				CLANG_ENABLE_OBJC_ARC = YES;
				CLANG_ENABLE_OBJC_WEAK = YES;
				CLANG_WARN_BLOCK_CAPTURE_AUTORELEASING = YES;
				CLANG_WARN_BOOL_CONVERSION = YES;
				CLANG_WARN_COMMA = YES;
				CLANG_WARN_CONSTANT_CONVERSION = YES;
				CLANG_WARN_DEPRECATED_OBJC_IMPLEMENTATIONS = YES;
				CLANG_WARN_DIRECT_OBJC_ISA_USAGE = YES_ERROR;
				CLANG_WARN_DOCUMENTATION_COMMENTS = YES;
				CLANG_WARN_EMPTY_BODY = YES;
				CLANG_WARN_ENUM_CONVERSION = YES;
				CLANG_WARN_INFINITE_RECURSION = YES;
				CLANG_WARN_INT_CONVERSION = YES;
				CLANG_WARN_NON_LITERAL_NULL_CONVERSION = YES;
				CLANG_WARN_OBJC_IMPLICIT_RETAIN_SELF = YES;
				CLANG_WARN_OBJC_LITERAL_CONVERSION = YES;
				CLANG_WARN_OBJC_ROOT_CLASS = YES_ERROR;
				CLANG_WARN_RANGE_LOOP_ANALYSIS = YES;
				CLANG_WARN_STRICT_PROTOTYPES = YES;
				CLANG_WARN_SUSPICIOUS_MOVE = YES;
				CLANG_WARN_UNGUARDED_AVAILABILITY = YES_AGGRESSIVE;
				CLANG_WARN_UNREACHABLE_CODE = YES;
				CLANG_WARN__DUPLICATE_METHOD_MATCH = YES;
				CODE_SIGN_IDENTITY = "iPhone Developer";
				COPY_PHASE_STRIP = NO;
				DEBUG_INFORMATION_FORMAT = "dwarf-with-dsym";
				ENABLE_NS_ASSERTIONS = NO;
				ENABLE_STRICT_OBJC_MSGSEND = YES;
				GCC_C_LANGUAGE_STANDARD = gnu11;
				GCC_NO_COMMON_BLOCKS = YES;
				GCC_WARN_64_TO_32_BIT_CONVERSION = YES;
				GCC_WARN_ABOUT_RETURN_TYPE = YES_ERROR;
				GCC_WARN_UNDECLARED_SELECTOR = YES;
				GCC_WARN_UNINITIALIZED_AUTOS = YES_AGGRESSIVE;
				GCC_WARN_UNUSED_FUNCTION = YES;
				GCC_WARN_UNUSED_VARIABLE = YES;
				IPHONEOS_DEPLOYMENT_TARGET = 11.4;
				MTL_ENABLE_DEBUG_INFO = NO;
				SDKROOT = iphoneos;
				SWIFT_COMPILATION_MODE = wholemodule;
				SWIFT_OPTIMIZATION_LEVEL = "-O";
				VALIDATE_PRODUCT = YES;
			};
			name = Release;
		};
		602C0E72215A558200D372F1 /* Debug */ = {
			isa = XCBuildConfiguration;
			buildSettings = {
				ASSETCATALOG_COMPILER_APPICON_NAME = AppIcon;
				CODE_SIGN_STYLE = Automatic;
				INFOPLIST_FILE = "Chapter03-CSStepper/Info.plist";
				LD_RUNPATH_SEARCH_PATHS = (
					"$(inherited)",
					"@executable_path/Frameworks",
				);
				PRODUCT_BUNDLE_IDENTIFIER = "-.Chapter03-CSStepper";
				PRODUCT_NAME = "$(TARGET_NAME)";
				SWIFT_VERSION = 4.0;
				TARGETED_DEVICE_FAMILY = 1;
			};
			name = Debug;
		};
		602C0E73215A558200D372F1 /* Release */ = {
			isa = XCBuildConfiguration;
			buildSettings = {
				ASSETCATALOG_COMPILER_APPICON_NAME = AppIcon;
				CODE_SIGN_STYLE = Automatic;
				INFOPLIST_FILE = "Chapter03-CSStepper/Info.plist";
				LD_RUNPATH_SEARCH_PATHS = (
					"$(inherited)",
					"@executable_path/Frameworks",
				);
				PRODUCT_BUNDLE_IDENTIFIER = "-.Chapter03-CSStepper";
				PRODUCT_NAME = "$(TARGET_NAME)";
				SWIFT_VERSION = 4.0;
				TARGETED_DEVICE_FAMILY = 1;
			};
			name = Release;
		};
/* End XCBuildConfiguration section */

/* Begin XCConfigurationList section */
		602C0E5A215A558100D372F1 /* Build configuration list for PBXProject "Chapter03-CSStepper" */ = {
			isa = XCConfigurationList;
			buildConfigurations = (
				602C0E6F215A558200D372F1 /* Debug */,
				602C0E70215A558200D372F1 /* Release */,
			);
			defaultConfigurationIsVisible = 0;
			defaultConfigurationName = Release;
		};
		602C0E71215A558200D372F1 /* Build configuration list for PBXNativeTarget "Chapter03-CSStepper" */ = {
			isa = XCConfigurationList;
			buildConfigurations = (
				602C0E72215A558200D372F1 /* Debug */,
				602C0E73215A558200D372F1 /* Release */,
			);
			defaultConfigurationIsVisible = 0;
			defaultConfigurationName = Release;
		};
/* End XCConfigurationList section */
	};
	rootObject = 602C0E57215A558100D372F1 /* Project object */;
}
