// !$*UTF8*$!
{
	archiveVersion = 1;
	classes = {
	};
	objectVersion = 50;
	objects = {

/* Begin PBXBuildFile section */
		607007DA217B68CE0038DBAF /* AppDelegate.swift in Sources */ = {isa = PBXBuildFile; fileRef = 607007D9217B68CE0038DBAF /* AppDelegate.swift */; };
		607007DC217B68CE0038DBAF /* ViewController.swift in Sources */ = {isa = PBXBuildFile; fileRef = 607007DB217B68CE0038DBAF /* ViewController.swift */; };
		607007DF217B68CE0038DBAF /* Main.storyboard in Resources */ = {isa = PBXBuildFile; fileRef = 607007DD217B68CE0038DBAF /* Main.storyboard */; };
		607007E1217B68CE0038DBAF /* Assets.xcassets in Resources */ = {isa = PBXBuildFile; fileRef = 607007E0217B68CE0038DBAF /* Assets.xcassets */; };
		607007E4217B68CE0038DBAF /* LaunchScreen.storyboard in Resources */ = {isa = PBXBuildFile; fileRef = 607007E2217B68CE0038DBAF /* LaunchScreen.storyboard */; };
		B32868F7A5A00210E5B7D589 /* Pods_Chapter08_APITest.framework in Frameworks */ = {isa = PBXBuildFile; fileRef = C2980DF09BD682FE6784E267 /* Pods_Chapter08_APITest.framework */; };
/* End PBXBuildFile section */

/* Begin PBXFileReference section */
		607007D6217B68CE0038DBAF /* Chapter08-APITest.app */ = {isa = PBXFileReference; explicitFileType = wrapper.application; includeInIndex = 0; path = "Chapter08-APITest.app"; sourceTree = BUILT_PRODUCTS_DIR; };
		607007D9217B68CE0038DBAF /* AppDelegate.swift */ = {isa = PBXFileReference; lastKnownFileType = sourcecode.swift; path = AppDelegate.swift; sourceTree = "<group>"; };
		607007DB217B68CE0038DBAF /* ViewController.swift */ = {isa = PBXFileReference; lastKnownFileType = sourcecode.swift; path = ViewController.swift; sourceTree = "<group>"; };
		607007DE217B68CE0038DBAF /* Base */ = {isa = PBXFileReference; lastKnownFileType = file.storyboard; name = Base; path = Base.lproj/Main.storyboard; sourceTree = "<group>"; };
		607007E0217B68CE0038DBAF /* Assets.xcassets */ = {isa = PBXFileReference; lastKnownFileType = folder.assetcatalog; path = Assets.xcassets; sourceTree = "<group>"; };
		607007E3217B68CE0038DBAF /* Base */ = {isa = PBXFileReference; lastKnownFileType = file.storyboard; name = Base; path = Base.lproj/LaunchScreen.storyboard; sourceTree = "<group>"; };
		607007E5217B68CE0038DBAF /* Info.plist */ = {isa = PBXFileReference; lastKnownFileType = text.plist.xml; path = Info.plist; sourceTree = "<group>"; };
		C2980DF09BD682FE6784E267 /* Pods_Chapter08_APITest.framework */ = {isa = PBXFileReference; explicitFileType = wrapper.framework; includeInIndex = 0; path = Pods_Chapter08_APITest.framework; sourceTree = BUILT_PRODUCTS_DIR; };
		C715262A3D76CE9E1D5AF4A2 /* Pods-Chapter08-APITest.debug.xcconfig */ = {isa = PBXFileReference; includeInIndex = 1; lastKnownFileType = text.xcconfig; name = "Pods-Chapter08-APITest.debug.xcconfig"; path = "Pods/Target Support Files/Pods-Chapter08-APITest/Pods-Chapter08-APITest.debug.xcconfig"; sourceTree = "<group>"; };
		C9B67711D20764D26F28D8C9 /* Pods-Chapter08-APITest.release.xcconfig */ = {isa = PBXFileReference; includeInIndex = 1; lastKnownFileType = text.xcconfig; name = "Pods-Chapter08-APITest.release.xcconfig"; path = "Pods/Target Support Files/Pods-Chapter08-APITest/Pods-Chapter08-APITest.release.xcconfig"; sourceTree = "<group>"; };
/* End PBXFileReference section */

/* Begin PBXFrameworksBuildPhase section */
		607007D3217B68CE0038DBAF /* Frameworks */ = {
			isa = PBXFrameworksBuildPhase;
			buildActionMask = 2147483647;
			files = (
				B32868F7A5A00210E5B7D589 /* Pods_Chapter08_APITest.framework in Frameworks */,
			);
			runOnlyForDeploymentPostprocessing = 0;
		};
/* End PBXFrameworksBuildPhase section */

/* Begin PBXGroup section */
		607007CD217B68CE0038DBAF = {
			isa = PBXGroup;
			children = (
				607007D8217B68CE0038DBAF /* Chapter08-APITest */,
				607007D7217B68CE0038DBAF /* Products */,
				D71B34F49948AB21E98A6AD3 /* Pods */,
				BD2B08A03F24B3EE771B0818 /* Frameworks */,
			);
			sourceTree = "<group>";
		};
		607007D7217B68CE0038DBAF /* Products */ = {
			isa = PBXGroup;
			children = (
				607007D6217B68CE0038DBAF /* Chapter08-APITest.app */,
			);
			name = Products;
			sourceTree = "<group>";
		};
		607007D8217B68CE0038DBAF /* Chapter08-APITest */ = {
			isa = PBXGroup;
			children = (
				607007D9217B68CE0038DBAF /* AppDelegate.swift */,
				607007DB217B68CE0038DBAF /* ViewController.swift */,
				607007DD217B68CE0038DBAF /* Main.storyboard */,
				607007E0217B68CE0038DBAF /* Assets.xcassets */,
				607007E2217B68CE0038DBAF /* LaunchScreen.storyboard */,
				607007E5217B68CE0038DBAF /* Info.plist */,
			);
			path = "Chapter08-APITest";
			sourceTree = "<group>";
		};
		BD2B08A03F24B3EE771B0818 /* Frameworks */ = {
			isa = PBXGroup;
			children = (
				C2980DF09BD682FE6784E267 /* Pods_Chapter08_APITest.framework */,
			);
			name = Frameworks;
			sourceTree = "<group>";
		};
		D71B34F49948AB21E98A6AD3 /* Pods */ = {
			isa = PBXGroup;
			children = (
				C715262A3D76CE9E1D5AF4A2 /* Pods-Chapter08-APITest.debug.xcconfig */,
				C9B67711D20764D26F28D8C9 /* Pods-Chapter08-APITest.release.xcconfig */,
			);
			name = Pods;
			sourceTree = "<group>";
		};
/* End PBXGroup section */

/* Begin PBXNativeTarget section */
		607007D5217B68CE0038DBAF /* Chapter08-APITest */ = {
			isa = PBXNativeTarget;
			buildConfigurationList = 607007E8217B68CE0038DBAF /* Build configuration list for PBXNativeTarget "Chapter08-APITest" */;
			buildPhases = (
				056CD469895395704EE1B1FB /* [CP] Check Pods Manifest.lock */,
				607007D2217B68CE0038DBAF /* Sources */,
				607007D3217B68CE0038DBAF /* Frameworks */,
				607007D4217B68CE0038DBAF /* Resources */,
				1F834A67EDC99DAA7B20E23A /* [CP] Embed Pods Frameworks */,
			);
			buildRules = (
			);
			dependencies = (
			);
			name = "Chapter08-APITest";
			productName = "Chapter08-APITest";
			productReference = 607007D6217B68CE0038DBAF /* Chapter08-APITest.app */;
			productType = "com.apple.product-type.application";
		};
/* End PBXNativeTarget section */

/* Begin PBXProject section */
		607007CE217B68CE0038DBAF /* Project object */ = {
			isa = PBXProject;
			attributes = {
				LastSwiftUpdateCheck = 1000;
				LastUpgradeCheck = 1000;
				ORGANIZATIONNAME = Byunsangjin;
				TargetAttributes = {
					607007D5217B68CE0038DBAF = {
						CreatedOnToolsVersion = 10.0;
					};
				};
			};
			buildConfigurationList = 607007D1217B68CE0038DBAF /* Build configuration list for PBXProject "Chapter08-APITest" */;
			compatibilityVersion = "Xcode 9.3";
			developmentRegion = en;
			hasScannedForEncodings = 0;
			knownRegions = (
				en,
				Base,
			);
			mainGroup = 607007CD217B68CE0038DBAF;
			productRefGroup = 607007D7217B68CE0038DBAF /* Products */;
			projectDirPath = "";
			projectRoot = "";
			targets = (
				607007D5217B68CE0038DBAF /* Chapter08-APITest */,
			);
		};
/* End PBXProject section */

/* Begin PBXResourcesBuildPhase section */
		607007D4217B68CE0038DBAF /* Resources */ = {
			isa = PBXResourcesBuildPhase;
			buildActionMask = 2147483647;
			files = (
				607007E4217B68CE0038DBAF /* LaunchScreen.storyboard in Resources */,
				607007E1217B68CE0038DBAF /* Assets.xcassets in Resources */,
				607007DF217B68CE0038DBAF /* Main.storyboard in Resources */,
			);
			runOnlyForDeploymentPostprocessing = 0;
		};
/* End PBXResourcesBuildPhase section */

/* Begin PBXShellScriptBuildPhase section */
		056CD469895395704EE1B1FB /* [CP] Check Pods Manifest.lock */ = {
			isa = PBXShellScriptBuildPhase;
			buildActionMask = 2147483647;
			files = (
			);
			inputFileListPaths = (
			);
			inputPaths = (
				"${PODS_PODFILE_DIR_PATH}/Podfile.lock",
				"${PODS_ROOT}/Manifest.lock",
			);
			name = "[CP] Check Pods Manifest.lock";
			outputFileListPaths = (
			);
			outputPaths = (
				"$(DERIVED_FILE_DIR)/Pods-Chapter08-APITest-checkManifestLockResult.txt",
			);
			runOnlyForDeploymentPostprocessing = 0;
			shellPath = /bin/sh;
			shellScript = "diff \"${PODS_PODFILE_DIR_PATH}/Podfile.lock\" \"${PODS_ROOT}/Manifest.lock\" > /dev/null\nif [ $? != 0 ] ; then\n    # print error to STDERR\n    echo \"error: The sandbox is not in sync with the Podfile.lock. Run 'pod install' or update your CocoaPods installation.\" >&2\n    exit 1\nfi\n# This output is used by Xcode 'outputs' to avoid re-running this script phase.\necho \"SUCCESS\" > \"${SCRIPT_OUTPUT_FILE_0}\"\n";
			showEnvVarsInLog = 0;
		};
		1F834A67EDC99DAA7B20E23A /* [CP] Embed Pods Frameworks */ = {
			isa = PBXShellScriptBuildPhase;
			buildActionMask = 2147483647;
			files = (
			);
			inputFileListPaths = (
			);
			inputPaths = (
				"${SRCROOT}/Pods/Target Support Files/Pods-Chapter08-APITest/Pods-Chapter08-APITest-frameworks.sh",
				"${BUILT_PRODUCTS_DIR}/Alamofire/Alamofire.framework",
			);
			name = "[CP] Embed Pods Frameworks";
			outputFileListPaths = (
			);
			outputPaths = (
				"${TARGET_BUILD_DIR}/${FRAMEWORKS_FOLDER_PATH}/Alamofire.framework",
			);
			runOnlyForDeploymentPostprocessing = 0;
			shellPath = /bin/sh;
			shellScript = "\"${SRCROOT}/Pods/Target Support Files/Pods-Chapter08-APITest/Pods-Chapter08-APITest-frameworks.sh\"\n";
			showEnvVarsInLog = 0;
		};
/* End PBXShellScriptBuildPhase section */

/* Begin PBXSourcesBuildPhase section */
		607007D2217B68CE0038DBAF /* Sources */ = {
			isa = PBXSourcesBuildPhase;
			buildActionMask = 2147483647;
			files = (
				607007DC217B68CE0038DBAF /* ViewController.swift in Sources */,
				607007DA217B68CE0038DBAF /* AppDelegate.swift in Sources */,
			);
			runOnlyForDeploymentPostprocessing = 0;
		};
/* End PBXSourcesBuildPhase section */

/* Begin PBXVariantGroup section */
		607007DD217B68CE0038DBAF /* Main.storyboard */ = {
			isa = PBXVariantGroup;
			children = (
				607007DE217B68CE0038DBAF /* Base */,
			);
			name = Main.storyboard;
			sourceTree = "<group>";
		};
		607007E2217B68CE0038DBAF /* LaunchScreen.storyboard */ = {
			isa = PBXVariantGroup;
			children = (
				607007E3217B68CE0038DBAF /* Base */,
			);
			name = LaunchScreen.storyboard;
			sourceTree = "<group>";
		};
/* End PBXVariantGroup section */

/* Begin XCBuildConfiguration section */
		607007E6217B68CE0038DBAF /* Debug */ = {
			isa = XCBuildConfiguration;
			buildSettings = {
				ALWAYS_SEARCH_USER_PATHS = NO;
				CLANG_ANALYZER_NONNULL = YES;
				CLANG_ANALYZER_NUMBER_OBJECT_CONVERSION = YES_AGGRESSIVE;
				CLANG_CXX_LANGUAGE_STANDARD = "gnu++14";
				CLANG_CXX_LIBRARY = "libc++";
				CLANG_ENABLE_MODULES = YES;
				CLANG_ENABLE_OBJC_ARC = YES;
				CLANG_ENABLE_OBJC_WEAK = YES;
				CLANG_WARN_BLOCK_CAPTURE_AUTORELEASING = YES;
				CLANG_WARN_BOOL_CONVERSION = YES;
				CLANG_WARN_COMMA = YES;
				CLANG_WARN_CONSTANT_CONVERSION = YES;
				CLANG_WARN_DEPRECATED_OBJC_IMPLEMENTATIONS = YES;
				CLANG_WARN_DIRECT_OBJC_ISA_USAGE = YES_ERROR;
				CLANG_WARN_DOCUMENTATION_COMMENTS = YES;
				CLANG_WARN_EMPTY_BODY = YES;
				CLANG_WARN_ENUM_CONVERSION = YES;
				CLANG_WARN_INFINITE_RECURSION = YES;
				CLANG_WARN_INT_CONVERSION = YES;
				CLANG_WARN_NON_LITERAL_NULL_CONVERSION = YES;
				CLANG_WARN_OBJC_IMPLICIT_RETAIN_SELF = YES;
				CLANG_WARN_OBJC_LITERAL_CONVERSION = YES;
				CLANG_WARN_OBJC_ROOT_CLASS = YES_ERROR;
				CLANG_WARN_RANGE_LOOP_ANALYSIS = YES;
				CLANG_WARN_STRICT_PROTOTYPES = YES;
				CLANG_WARN_SUSPICIOUS_MOVE = YES;
				CLANG_WARN_UNGUARDED_AVAILABILITY = YES_AGGRESSIVE;
				CLANG_WARN_UNREACHABLE_CODE = YES;
				CLANG_WARN__DUPLICATE_METHOD_MATCH = YES;
				CODE_SIGN_IDENTITY = "iPhone Developer";
				COPY_PHASE_STRIP = NO;
				DEBUG_INFORMATION_FORMAT = dwarf;
				ENABLE_STRICT_OBJC_MSGSEND = YES;
				ENABLE_TESTABILITY = YES;
				GCC_C_LANGUAGE_STANDARD = gnu11;
				GCC_DYNAMIC_NO_PIC = NO;
				GCC_NO_COMMON_BLOCKS = YES;
				GCC_OPTIMIZATION_LEVEL = 0;
				GCC_PREPROCESSOR_DEFINITIONS = (
					"DEBUG=1",
					"$(inherited)",
				);
				GCC_WARN_64_TO_32_BIT_CONVERSION = YES;
				GCC_WARN_ABOUT_RETURN_TYPE = YES_ERROR;
				GCC_WARN_UNDECLARED_SELECTOR = YES;
				GCC_WARN_UNINITIALIZED_AUTOS = YES_AGGRESSIVE;
				GCC_WARN_UNUSED_FUNCTION = YES;
				GCC_WARN_UNUSED_VARIABLE = YES;
				IPHONEOS_DEPLOYMENT_TARGET = 12.0;
				MTL_ENABLE_DEBUG_INFO = INCLUDE_SOURCE;
				MTL_FAST_MATH = YES;
				ONLY_ACTIVE_ARCH = YES;
				SDKROOT = iphoneos;
				SWIFT_ACTIVE_COMPILATION_CONDITIONS = DEBUG;
				SWIFT_OPTIMIZATION_LEVEL = "-Onone";
			};
			name = Debug;
		};
		607007E7217B68CE0038DBAF /* Release */ = {
			isa = XCBuildConfiguration;
			buildSettings = {
				ALWAYS_SEARCH_USER_PATHS = NO;
				CLANG_ANALYZER_NONNULL = YES;
				CLANG_ANALYZER_NUMBER_OBJECT_CONVERSION = YES_AGGRESSIVE;
				CLANG_CXX_LANGUAGE_STANDARD = "gnu++14";
				CLANG_CXX_LIBRARY = "libc++";
				CLANG_ENABLE_MODULES = YES;
				CLANG_ENABLE_OBJC_ARC = YES;
				CLANG_ENABLE_OBJC_WEAK = YES;
				CLANG_WARN_BLOCK_CAPTURE_AUTORELEASING = YES;
				CLANG_WARN_BOOL_CONVERSION = YES;
				CLANG_WARN_COMMA = YES;
				CLANG_WARN_CONSTANT_CONVERSION = YES;
				CLANG_WARN_DEPRECATED_OBJC_IMPLEMENTATIONS = YES;
				CLANG_WARN_DIRECT_OBJC_ISA_USAGE = YES_ERROR;
				CLANG_WARN_DOCUMENTATION_COMMENTS = YES;
				CLANG_WARN_EMPTY_BODY = YES;
				CLANG_WARN_ENUM_CONVERSION = YES;
				CLANG_WARN_INFINITE_RECURSION = YES;
				CLANG_WARN_INT_CONVERSION = YES;
				CLANG_WARN_NON_LITERAL_NULL_CONVERSION = YES;
				CLANG_WARN_OBJC_IMPLICIT_RETAIN_SELF = YES;
				CLANG_WARN_OBJC_LITERAL_CONVERSION = YES;
				CLANG_WARN_OBJC_ROOT_CLASS = YES_ERROR;
				CLANG_WARN_RANGE_LOOP_ANALYSIS = YES;
				CLANG_WARN_STRICT_PROTOTYPES = YES;
				CLANG_WARN_SUSPICIOUS_MOVE = YES;
				CLANG_WARN_UNGUARDED_AVAILABILITY = YES_AGGRESSIVE;
				CLANG_WARN_UNREACHABLE_CODE = YES;
				CLANG_WARN__DUPLICATE_METHOD_MATCH = YES;
				CODE_SIGN_IDENTITY = "iPhone Developer";
				COPY_PHASE_STRIP = NO;
				DEBUG_INFORMATION_FORMAT = "dwarf-with-dsym";
				ENABLE_NS_ASSERTIONS = NO;
				ENABLE_STRICT_OBJC_MSGSEND = YES;
				GCC_C_LANGUAGE_STANDARD = gnu11;
				GCC_NO_COMMON_BLOCKS = YES;
				GCC_WARN_64_TO_32_BIT_CONVERSION = YES;
				GCC_WARN_ABOUT_RETURN_TYPE = YES_ERROR;
				GCC_WARN_UNDECLARED_SELECTOR = YES;
				GCC_WARN_UNINITIALIZED_AUTOS = YES_AGGRESSIVE;
				GCC_WARN_UNUSED_FUNCTION = YES;
				GCC_WARN_UNUSED_VARIABLE = YES;
				IPHONEOS_DEPLOYMENT_TARGET = 12.0;
				MTL_ENABLE_DEBUG_INFO = NO;
				MTL_FAST_MATH = YES;
				SDKROOT = iphoneos;
				SWIFT_COMPILATION_MODE = wholemodule;
				SWIFT_OPTIMIZATION_LEVEL = "-O";
				VALIDATE_PRODUCT = YES;
			};
			name = Release;
		};
		607007E9217B68CE0038DBAF /* Debug */ = {
			isa = XCBuildConfiguration;
			baseConfigurationReference = C715262A3D76CE9E1D5AF4A2 /* Pods-Chapter08-APITest.debug.xcconfig */;
			buildSettings = {
				ASSETCATALOG_COMPILER_APPICON_NAME = AppIcon;
				CODE_SIGN_STYLE = Automatic;
				INFOPLIST_FILE = "Chapter08-APITest/Info.plist";
				LD_RUNPATH_SEARCH_PATHS = (
					"$(inherited)",
					"@executable_path/Frameworks",
				);
				PRODUCT_BUNDLE_IDENTIFIER = "sjbyun.Chapter08-APITest";
				PRODUCT_NAME = "$(TARGET_NAME)";
				SWIFT_VERSION = 4.2;
				TARGETED_DEVICE_FAMILY = "1,2";
			};
			name = Debug;
		};
		607007EA217B68CE0038DBAF /* Release */ = {
			isa = XCBuildConfiguration;
			baseConfigurationReference = C9B67711D20764D26F28D8C9 /* Pods-Chapter08-APITest.release.xcconfig */;
			buildSettings = {
				ASSETCATALOG_COMPILER_APPICON_NAME = AppIcon;
				CODE_SIGN_STYLE = Automatic;
				INFOPLIST_FILE = "Chapter08-APITest/Info.plist";
				LD_RUNPATH_SEARCH_PATHS = (
					"$(inherited)",
					"@executable_path/Frameworks",
				);
				PRODUCT_BUNDLE_IDENTIFIER = "sjbyun.Chapter08-APITest";
				PRODUCT_NAME = "$(TARGET_NAME)";
				SWIFT_VERSION = 4.2;
				TARGETED_DEVICE_FAMILY = "1,2";
			};
			name = Release;
		};
/* End XCBuildConfiguration section */

/* Begin XCConfigurationList section */
		607007D1217B68CE0038DBAF /* Build configuration list for PBXProject "Chapter08-APITest" */ = {
			isa = XCConfigurationList;
			buildConfigurations = (
				607007E6217B68CE0038DBAF /* Debug */,
				607007E7217B68CE0038DBAF /* Release */,
			);
			defaultConfigurationIsVisible = 0;
			defaultConfigurationName = Release;
		};
		607007E8217B68CE0038DBAF /* Build configuration list for PBXNativeTarget "Chapter08-APITest" */ = {
			isa = XCConfigurationList;
			buildConfigurations = (
				607007E9217B68CE0038DBAF /* Debug */,
				607007EA217B68CE0038DBAF /* Release */,
			);
			defaultConfigurationIsVisible = 0;
			defaultConfigurationName = Release;
		};
/* End XCConfigurationList section */
	};
	rootObject = 607007CE217B68CE0038DBAF /* Project object */;
}
